
Microsoft Visual Studio Solution File, Format Version 12.00
# Visual Studio Version 17
VisualStudioVersion = 17.0.31903.59
MinimumVisualStudioVersion = 10.0.40219.1
Project("{FAE04EC0-301F-11D3-BF4B-00C04F79EFBC}") = "hellosupa", "hellosupa\hellosupa.csproj", "{AB25C248-CA48-4B4D-B5AC-E92C4FE1DA7A}"
EndProject
Global
	GlobalSection(SolutionConfigurationPlatforms) = preSolution
		Debug|Any CPU = Debug|Any CPU
		Release|Any CPU = Release|Any CPU
	EndGlobalSection
	GlobalSection(SolutionProperties) = preSolution
		HideSolutionNode = FALSE
	EndGlobalSection
	GlobalSection(ProjectConfigurationPlatforms) = postSolution
		{BBF36BF5-8A12-43BD-B9C0-E3F7F0BE7FE2}.Debug|Any CPU.ActiveCfg = Debug|Any CPU
		{BBF36BF5-8A12-43BD-B9C0-E3F7F0BE7FE2}.Debug|Any CPU.Build.0 = Debug|Any CPU
		{BBF36BF5-8A12-43BD-B9C0-E3F7F0BE7FE2}.Release|Any CPU.ActiveCfg = Release|Any CPU
		{BBF36BF5-8A12-43BD-B9C0-E3F7F0BE7FE2}.Release|Any CPU.Build.0 = Release|Any CPU
		{AB25C248-CA48-4B4D-B5AC-E92C4FE1DA7A}.Debug|Any CPU.ActiveCfg = Debug|Any CPU
		{AB25C248-CA48-4B4D-B5AC-E92C4FE1DA7A}.Debug|Any CPU.Build.0 = Debug|Any CPU
		{AB25C248-CA48-4B4D-B5AC-E92C4FE1DA7A}.Release|Any CPU.ActiveCfg = Release|Any CPU
		{AB25C248-CA48-4B4D-B5AC-E92C4FE1DA7A}.Release|Any CPU.Build.0 = Release|Any CPU
	EndGlobalSection
EndGlobal
